{
  "name": "cookies",
  "version": "1.0.0",
  "lockfileVersion": 1,
  "requires": true,
  "dependencies": {
    "@types/cookie": {
      "version": "0.3.3",
      "resolved": "https://registry.npmjs.org/@types/cookie/-/cookie-0.3.3.tgz",
      "integrity": "sha512-LKVP3cgXBT9RYj+t+9FDKwS5tdI+rPBXaNSkma7hvqy35lc7mAokC2zsqWJH0LaqIt3B962nuYI77hsJoT1gow=="
    },
    "cookie": {
      "version": "0.4.0",
      "resolved": "https://registry.npmjs.org/cookie/-/cookie-0.4.0.tgz",
      "integrity": "sha512-+Hp8fLp57wnUSt0tY0tHEXh4voZRDnoIrZPqlo3DPiI4y9lwg/jqx+1Om94/W6ZaPDOUbnjOt/99w66zk+l1Xg=="
    },
    "cookie-universal": {
      "version": "2.1.3",
      "resolved": "https://registry.npmjs.org/cookie-universal/-/cookie-universal-2.1.3.tgz",
      "integrity": "sha512-9NTCd4DO0m+okpeCMejxWTGFIyPUL7qGye3HWfrgmQY67VET0xw9utYdscCmmrSerSDj2ntvqTQ86pw317al+g==",
      "requires": {
        "@types/cookie": "^0.3.3",
        "cookie": "^0.4.0"
      }
    },
    "cookie-universal-nuxt": {
      "version": "2.1.3",
      "resolved": "https://registry.npmjs.org/cookie-universal-nuxt/-/cookie-universal-nuxt-2.1.3.tgz",
      "integrity": "sha512-oiEwBZ3JWfXZbpukxFLHp2K7bUKRpA3XpzxXnmwtLECKECWfrf3ze4V9G18bK05ULvSHo2Ao/mVrlx0/TPkuRQ==",
      "requires": {
        "@types/cookie": "^0.3.3",
        "cookie-universal": "^2.1.3"
      }
    },
    "nuxt-facebook-pixel-module": {
      "version": "1.3.0",
      "resolved": "https://registry.npmjs.org/nuxt-facebook-pixel-module/-/nuxt-facebook-pixel-module-1.3.0.tgz",
      "integrity": "sha512-ooIg5s7d3D2oyjAWRNQFQGQA/7JvtnuRN/NQqxhft9z+bkQjw2VI1UaQ7ZwZMu2gJ+Z1Dm0WdRnyKKoknWiusg=="
    },
    "vue-analytics": {
      "version": "5.22.1",
      "resolved": "https://registry.npmjs.org/vue-analytics/-/vue-analytics-5.22.1.tgz",
      "integrity": "sha512-HPKQMN7gfcUqS5SxoO0VxqLRRSPkG1H1FqglsHccz6BatBatNtm/Vyy8brApktZxNCfnAkrSVDpxg3/FNDeOgQ=="
    }
  }
}
